
Microsoft Visual Studio Solution File, Format Version 12.00
# Visual Studio 14
VisualStudioVersion = 14.0.25420.1
MinimumVisualStudioVersion = 10.0.40219.1
Project("{2150E333-8FDC-42A3-9474-1A3956D46DE8}") = "src", "src", "{BC7BC4D1-20C9-44B2-BAE9-8828A27C1057}"
EndProject
Project("{2150E333-8FDC-42A3-9474-1A3956D46DE8}") = "Solution Items", "Solution Items", "{902A2968-CC55-4493-A48C-76B96EA4B1F7}"
	ProjectSection(SolutionItems) = preProject
		global.json = global.json
	EndProjectSection
EndProject
Project("{8BB2217D-0F2D-49D1-97BC-3654ED321F3B}") = "SportsStore", "src\SportsStore\SportsStore.xproj", "{B9B99955-BB96-415E-9768-C966AB3F1401}"
EndProject
Global
	GlobalSection(SolutionConfigurationPlatforms) = preSolution
		Debug|Any CPU = Debug|Any CPU
		Release|Any CPU = Release|Any CPU
	EndGlobalSection
	GlobalSection(ProjectConfigurationPlatforms) = postSolution
		{B9B99955-BB96-415E-9768-C966AB3F1401}.Debug|Any CPU.ActiveCfg = Debug|Any CPU
		{B9B99955-BB96-415E-9768-C966AB3F1401}.Debug|Any CPU.Build.0 = Debug|Any CPU
		{B9B99955-BB96-415E-9768-C966AB3F1401}.Release|Any CPU.ActiveCfg = Release|Any CPU
		{B9B99955-BB96-415E-9768-C966AB3F1401}.Release|Any CPU.Build.0 = Release|Any CPU
	EndGlobalSection
	GlobalSection(SolutionProperties) = preSolution
		HideSolutionNode = FALSE
	EndGlobalSection
	GlobalSection(NestedProjects) = preSolution
		{B9B99955-BB96-415E-9768-C966AB3F1401} = {BC7BC4D1-20C9-44B2-BAE9-8828A27C1057}
	EndGlobalSection
EndGlobal
